
Microsoft Visual Studio Solution File, Format Version 11.00
# Visual Studio 2010
Project("{FAE04EC0-301F-11D3-BF4B-00C04F79EFBC}") = "Assembly-CSharp-firstpass", "Assembly-CSharp-firstpass.csproj", "{b7a51ad3-b71b-ad41-8bbc-d248a22b7f21}"
EndProject
Project("{FAE04EC0-301F-11D3-BF4B-00C04F79EFBC}") = "Assembly-CSharp", "Assembly-CSharp.csproj", "{f9a4bb0d-8bb0-d0cf-0c69-379f3e377b26}"
EndProject
Project("{FAE04EC0-301F-11D3-BF4B-00C04F79EFBC}") = "Assembly-CSharp-Editor", "Assembly-CSharp-Editor.csproj", "{5caa6a86-8d5c-3f3e-074a-e3b7d36e582b}"
EndProject
Project("{FAE04EC0-301F-11D3-BF4B-00C04F79EFBC}") = "Assembly-CSharp-Editor-firstpass", "Assembly-CSharp-Editor-firstpass.csproj", "{aa12d24c-615b-f435-1218-77232f306ab3}"
EndProject
Global
	GlobalSection(SolutionConfigurationPlatforms) = preSolution
		Debug|Any CPU = Debug|Any CPU
	EndGlobalSection
	GlobalSection(ProjectConfigurationPlatforms) = postSolution
		{b7a51ad3-b71b-ad41-8bbc-d248a22b7f21}.Debug|Any CPU.ActiveCfg = Debug|Any CPU
		{b7a51ad3-b71b-ad41-8bbc-d248a22b7f21}.Debug|Any CPU.Build.0 = Debug|Any CPU
		{f9a4bb0d-8bb0-d0cf-0c69-379f3e377b26}.Debug|Any CPU.ActiveCfg = Debug|Any CPU
		{f9a4bb0d-8bb0-d0cf-0c69-379f3e377b26}.Debug|Any CPU.Build.0 = Debug|Any CPU
		{5caa6a86-8d5c-3f3e-074a-e3b7d36e582b}.Debug|Any CPU.ActiveCfg = Debug|Any CPU
		{5caa6a86-8d5c-3f3e-074a-e3b7d36e582b}.Debug|Any CPU.Build.0 = Debug|Any CPU
		{aa12d24c-615b-f435-1218-77232f306ab3}.Debug|Any CPU.ActiveCfg = Debug|Any CPU
		{aa12d24c-615b-f435-1218-77232f306ab3}.Debug|Any CPU.Build.0 = Debug|Any CPU
	EndGlobalSection
	GlobalSection(SolutionProperties) = preSolution
		HideSolutionNode = FALSE
	EndGlobalSection
EndGlobal
